// !$*UTF8*$!
{
	archiveVersion = 1;
	classes = {
	};
	objectVersion = 51;
	objects = {

/* Begin PBXBuildFile section */
		0783FE61233F32B100985C5A /* Pods_OnTheMap.framework in Frameworks */ = {isa = PBXBuildFile; fileRef = 2E658F45ACAEC98145A53B99 /* Pods_OnTheMap.framework */; };
		820E00B4236748050041BCE7 /* AppDelegate.swift in Sources */ = {isa = PBXBuildFile; fileRef = 820E00B3236748050041BCE7 /* AppDelegate.swift */; };
		820E00B6236748050041BCE7 /* SceneDelegate.swift in Sources */ = {isa = PBXBuildFile; fileRef = 820E00B5236748050041BCE7 /* SceneDelegate.swift */; };
		820E00B8236748050041BCE7 /* MainViewController.swift in Sources */ = {isa = PBXBuildFile; fileRef = 820E00B7236748050041BCE7 /* MainViewController.swift */; };
		820E00BB236748050041BCE7 /* Main.storyboard in Resources */ = {isa = PBXBuildFile; fileRef = 820E00B9236748050041BCE7 /* Main.storyboard */; };
		821E43AD237F2627008A8259 /* Assets.xcassets in Resources */ = {isa = PBXBuildFile; fileRef = 821E43AC237F2626008A8259 /* Assets.xcassets */; };
		822BA127238318000086A34A /* Location.swift in Sources */ = {isa = PBXBuildFile; fileRef = 822BA126238318000086A34A /* Location.swift */; };
		823E4C5D238036A600E0A835 /* TableViewController.swift in Sources */ = {isa = PBXBuildFile; fileRef = 823E4C5C238036A600E0A835 /* TableViewController.swift */; };
		823E4C5F2380397200E0A835 /* Helper.swift in Sources */ = {isa = PBXBuildFile; fileRef = 823E4C5E2380397200E0A835 /* Helper.swift */; };
		823E4C612380454900E0A835 /* StudentLocationAPI.swift in Sources */ = {isa = PBXBuildFile; fileRef = 823E4C602380454900E0A835 /* StudentLocationAPI.swift */; };
		824851AD23676E060058A199 /* LoginViewController.swift in Sources */ = {isa = PBXBuildFile; fileRef = 824851AC23676E060058A199 /* LoginViewController.swift */; };
		824851AF236781D70058A199 /* TabBarController.swift in Sources */ = {isa = PBXBuildFile; fileRef = 824851AE236781D70058A199 /* TabBarController.swift */; };
		8289356F2367502100EED2F1 /* AppStoryboard.swift in Sources */ = {isa = PBXBuildFile; fileRef = 8289356E2367502100EED2F1 /* AppStoryboard.swift */; };
		828935712367507C00EED2F1 /* Extensions.swift in Sources */ = {isa = PBXBuildFile; fileRef = 828935702367507C00EED2F1 /* Extensions.swift */; };
		82B89BF72367573D008B8889 /* InitViewController.swift in Sources */ = {isa = PBXBuildFile; fileRef = 82B89BF62367573D008B8889 /* InitViewController.swift */; };
		82BC5BE3236CB25900DC075A /* StudentLocation.swift in Sources */ = {isa = PBXBuildFile; fileRef = 82BC5BE2236CB25900DC075A /* StudentLocation.swift */; };
		82D328CD237F275B002E95C2 /* AddLocationViewController.swift in Sources */ = {isa = PBXBuildFile; fileRef = 82D328CC237F275B002E95C2 /* AddLocationViewController.swift */; };
/* End PBXBuildFile section */

/* Begin PBXFileReference section */
		2E658F45ACAEC98145A53B99 /* Pods_OnTheMap.framework */ = {isa = PBXFileReference; explicitFileType = wrapper.framework; includeInIndex = 0; path = Pods_OnTheMap.framework; sourceTree = BUILT_PRODUCTS_DIR; };
		75CB01E8B3C0B06819DEF662 /* Pods-OnTheMap.debug.xcconfig */ = {isa = PBXFileReference; includeInIndex = 1; lastKnownFileType = text.xcconfig; name = "Pods-OnTheMap.debug.xcconfig"; path = "Target Support Files/Pods-OnTheMap/Pods-OnTheMap.debug.xcconfig"; sourceTree = "<group>"; };
		820E00B3236748050041BCE7 /* AppDelegate.swift */ = {isa = PBXFileReference; lastKnownFileType = sourcecode.swift; path = AppDelegate.swift; sourceTree = "<group>"; };
		820E00B5236748050041BCE7 /* SceneDelegate.swift */ = {isa = PBXFileReference; lastKnownFileType = sourcecode.swift; path = SceneDelegate.swift; sourceTree = "<group>"; };
		820E00B7236748050041BCE7 /* MainViewController.swift */ = {isa = PBXFileReference; lastKnownFileType = sourcecode.swift; path = MainViewController.swift; sourceTree = "<group>"; };
		820E00BA236748050041BCE7 /* Base */ = {isa = PBXFileReference; lastKnownFileType = file.storyboard; name = Base; path = Base.lproj/Main.storyboard; sourceTree = "<group>"; };
		821E43AB237F2306008A8259 /* OnTheMap.app */ = {isa = PBXFileReference; explicitFileType = wrapper.application; includeInIndex = 0; path = OnTheMap.app; sourceTree = BUILT_PRODUCTS_DIR; };
		821E43AC237F2626008A8259 /* Assets.xcassets */ = {isa = PBXFileReference; lastKnownFileType = folder.assetcatalog; path = Assets.xcassets; sourceTree = "<group>"; };
		822BA126238318000086A34A /* Location.swift */ = {isa = PBXFileReference; lastKnownFileType = sourcecode.swift; path = Location.swift; sourceTree = "<group>"; };
		823E4C5C238036A600E0A835 /* TableViewController.swift */ = {isa = PBXFileReference; lastKnownFileType = sourcecode.swift; path = TableViewController.swift; sourceTree = "<group>"; };
		823E4C5E2380397200E0A835 /* Helper.swift */ = {isa = PBXFileReference; lastKnownFileType = sourcecode.swift; path = Helper.swift; sourceTree = "<group>"; };
		823E4C602380454900E0A835 /* StudentLocationAPI.swift */ = {isa = PBXFileReference; lastKnownFileType = sourcecode.swift; path = StudentLocationAPI.swift; sourceTree = "<group>"; };
		824851AC23676E060058A199 /* LoginViewController.swift */ = {isa = PBXFileReference; lastKnownFileType = sourcecode.swift; path = LoginViewController.swift; sourceTree = "<group>"; };
		824851AE236781D70058A199 /* TabBarController.swift */ = {isa = PBXFileReference; lastKnownFileType = sourcecode.swift; path = TabBarController.swift; sourceTree = "<group>"; };
		8289356E2367502100EED2F1 /* AppStoryboard.swift */ = {isa = PBXFileReference; lastKnownFileType = sourcecode.swift; path = AppStoryboard.swift; sourceTree = "<group>"; };
		828935702367507C00EED2F1 /* Extensions.swift */ = {isa = PBXFileReference; lastKnownFileType = sourcecode.swift; path = Extensions.swift; sourceTree = "<group>"; };
		82B89BF62367573D008B8889 /* InitViewController.swift */ = {isa = PBXFileReference; lastKnownFileType = sourcecode.swift; path = InitViewController.swift; sourceTree = "<group>"; };
		82BC5BE2236CB25900DC075A /* StudentLocation.swift */ = {isa = PBXFileReference; lastKnownFileType = sourcecode.swift; path = StudentLocation.swift; sourceTree = "<group>"; };
		82D328CC237F275B002E95C2 /* AddLocationViewController.swift */ = {isa = PBXFileReference; lastKnownFileType = sourcecode.swift; path = AddLocationViewController.swift; sourceTree = "<group>"; };
		DA6B6CB4AF2645911CB2C7DD /* Pods-OnTheMap.release.xcconfig */ = {isa = PBXFileReference; includeInIndex = 1; lastKnownFileType = text.xcconfig; name = "Pods-OnTheMap.release.xcconfig"; path = "Target Support Files/Pods-OnTheMap/Pods-OnTheMap.release.xcconfig"; sourceTree = "<group>"; };
/* End PBXFileReference section */

/* Begin PBXFrameworksBuildPhase section */
		820E00AD236748050041BCE7 /* Frameworks */ = {
			isa = PBXFrameworksBuildPhase;
			buildActionMask = 2147483647;
			files = (
				0783FE61233F32B100985C5A /* Pods_OnTheMap.framework in Frameworks */,
			);
			runOnlyForDeploymentPostprocessing = 0;
		};
/* End PBXFrameworksBuildPhase section */

/* Begin PBXGroup section */
		820E00A7236748050041BCE7 = {
			isa = PBXGroup;
			children = (
				820E00B2236748050041BCE7 /* OnTheMap */,
				F871FE554E81FCE2E088A7F7 /* Pods */,
				B2758F98F19F5DB83BBCD030 /* Frameworks */,
				821E43AB237F2306008A8259 /* OnTheMap.app */,
			);
			sourceTree = "<group>";
		};
		820E00B2236748050041BCE7 /* OnTheMap */ = {
			isa = PBXGroup;
			children = (
				82CAB8DD2381C86300B0D79C /* Controller */,
				82BC5BE1236CB1CA00DC075A /* Model */,
				8289356D2367500A00EED2F1 /* Helpers */,
				8289356623674E7400EED2F1 /* View */,
				820E00B3236748050041BCE7 /* AppDelegate.swift */,
				821E43AC237F2626008A8259 /* Assets.xcassets */,
				820E00B5236748050041BCE7 /* SceneDelegate.swift */,
			);
			path = OnTheMap;
			sourceTree = "<group>";
		};
		8289356623674E7400EED2F1 /* View */ = {
			isa = PBXGroup;
			children = (
				820E00B9236748050041BCE7 /* Main.storyboard */,
			);
			path = View;
			sourceTree = "<group>";
		};
		8289356D2367500A00EED2F1 /* Helpers */ = {
			isa = PBXGroup;
			children = (
				8289356E2367502100EED2F1 /* AppStoryboard.swift */,
				828935702367507C00EED2F1 /* Extensions.swift */,
				823E4C5E2380397200E0A835 /* Helper.swift */,
			);
			path = Helpers;
			sourceTree = "<group>";
		};
		82BC5BE1236CB1CA00DC075A /* Model */ = {
			isa = PBXGroup;
			children = (
				82BC5BE2236CB25900DC075A /* StudentLocation.swift */,
				823E4C602380454900E0A835 /* StudentLocationAPI.swift */,
				822BA126238318000086A34A /* Location.swift */,
			);
			path = Model;
			sourceTree = "<group>";
		};
		82CAB8DD2381C86300B0D79C /* Controller */ = {
			isa = PBXGroup;
			children = (
				820E00B7236748050041BCE7 /* MainViewController.swift */,
				82B89BF62367573D008B8889 /* InitViewController.swift */,
				824851AC23676E060058A199 /* LoginViewController.swift */,
				824851AE236781D70058A199 /* TabBarController.swift */,
				82D328CC237F275B002E95C2 /* AddLocationViewController.swift */,
				823E4C5C238036A600E0A835 /* TableViewController.swift */,
			);
			path = Controller;
			sourceTree = "<group>";
		};
		B2758F98F19F5DB83BBCD030 /* Frameworks */ = {
			isa = PBXGroup;
			children = (
				2E658F45ACAEC98145A53B99 /* Pods_OnTheMap.framework */,
			);
			name = Frameworks;
			sourceTree = "<group>";
		};
		F871FE554E81FCE2E088A7F7 /* Pods */ = {
			isa = PBXGroup;
			children = (
				75CB01E8B3C0B06819DEF662 /* Pods-OnTheMap.debug.xcconfig */,
				DA6B6CB4AF2645911CB2C7DD /* Pods-OnTheMap.release.xcconfig */,
			);
			path = Pods;
			sourceTree = "<group>";
		};
/* End PBXGroup section */

/* Begin PBXNativeTarget section */
		820E00AF236748050041BCE7 /* OnTheMap */ = {
			isa = PBXNativeTarget;
			buildConfigurationList = 820E00C7236748060041BCE7 /* Build configuration list for PBXNativeTarget "OnTheMap" */;
			buildPhases = (
				F504E5D0E631B7C1E3E2D797 /* [CP] Check Pods Manifest.lock */,
				820E00AC236748050041BCE7 /* Sources */,
				820E00AD236748050041BCE7 /* Frameworks */,
				820E00AE236748050041BCE7 /* Resources */,
				9B40A1C69AF47143364C355D /* [CP] Embed Pods Frameworks */,
			);
			buildRules = (
			);
			dependencies = (
			);
			name = OnTheMap;
			productName = OnTheMap;
			productReference = 821E43AB237F2306008A8259 /* OnTheMap.app */;
			productType = "com.apple.product-type.application";
		};
/* End PBXNativeTarget section */

/* Begin PBXProject section */
		820E00A8236748050041BCE7 /* Project object */ = {
			isa = PBXProject;
			attributes = {
				LastSwiftUpdateCheck = 1110;
				LastUpgradeCheck = 1110;
				ORGANIZATIONNAME = "Mohsen Almakrami";
				TargetAttributes = {
					820E00AF236748050041BCE7 = {
						CreatedOnToolsVersion = 11.1;
					};
				};
			};
			buildConfigurationList = 820E00AB236748050041BCE7 /* Build configuration list for PBXProject "OnTheMap" */;
			compatibilityVersion = "Xcode 9.3";
			developmentRegion = en;
			hasScannedForEncodings = 0;
			knownRegions = (
				en,
				Base,
			);
			mainGroup = 820E00A7236748050041BCE7;
			productRefGroup = 820E00A7236748050041BCE7;
			projectDirPath = "";
			projectRoot = "";
			targets = (
				820E00AF236748050041BCE7 /* OnTheMap */,
			);
		};
/* End PBXProject section */

/* Begin PBXResourcesBuildPhase section */
		820E00AE236748050041BCE7 /* Resources */ = {
			isa = PBXResourcesBuildPhase;
			buildActionMask = 2147483647;
			files = (
				821E43AD237F2627008A8259 /* Assets.xcassets in Resources */,
				820E00BB236748050041BCE7 /* Main.storyboard in Resources */,
			);
			runOnlyForDeploymentPostprocessing = 0;
		};
/* End PBXResourcesBuildPhase section */

/* Begin PBXShellScriptBuildPhase section */
		9B40A1C69AF47143364C355D /* [CP] Embed Pods Frameworks */ = {
			isa = PBXShellScriptBuildPhase;
			buildActionMask = 2147483647;
			files = (
			);
			inputFileListPaths = (
				"${PODS_ROOT}/Target Support Files/Pods-OnTheMap/Pods-OnTheMap-frameworks-${CONFIGURATION}-input-files.xcfilelist",
			);
			name = "[CP] Embed Pods Frameworks";
			outputFileListPaths = (
				"${PODS_ROOT}/Target Support Files/Pods-OnTheMap/Pods-OnTheMap-frameworks-${CONFIGURATION}-output-files.xcfilelist",
			);
			runOnlyForDeploymentPostprocessing = 0;
			shellPath = /bin/sh;
			shellScript = "\"${PODS_ROOT}/Target Support Files/Pods-OnTheMap/Pods-OnTheMap-frameworks.sh\"\n";
			showEnvVarsInLog = 0;
		};
		F504E5D0E631B7C1E3E2D797 /* [CP] Check Pods Manifest.lock */ = {
			isa = PBXShellScriptBuildPhase;
			buildActionMask = 2147483647;
			files = (
			);
			inputFileListPaths = (
			);
			inputPaths = (
				"${PODS_PODFILE_DIR_PATH}/Podfile.lock",
				"${PODS_ROOT}/Manifest.lock",
			);
			name = "[CP] Check Pods Manifest.lock";
			outputFileListPaths = (
			);
			outputPaths = (
				"$(DERIVED_FILE_DIR)/Pods-OnTheMap-checkManifestLockResult.txt",
			);
			runOnlyForDeploymentPostprocessing = 0;
			shellPath = /bin/sh;
			shellScript = "diff \"${PODS_PODFILE_DIR_PATH}/Podfile.lock\" \"${PODS_ROOT}/Manifest.lock\" > /dev/null\nif [ $? != 0 ] ; then\n    # print error to STDERR\n    echo \"error: The sandbox is not in sync with the Podfile.lock. Run 'pod install' or update your CocoaPods installation.\" >&2\n    exit 1\nfi\n# This output is used by Xcode 'outputs' to avoid re-running this script phase.\necho \"SUCCESS\" > \"${SCRIPT_OUTPUT_FILE_0}\"\n";
			showEnvVarsInLog = 0;
		};
/* End PBXShellScriptBuildPhase section */

/* Begin PBXSourcesBuildPhase section */
		820E00AC236748050041BCE7 /* Sources */ = {
			isa = PBXSourcesBuildPhase;
			buildActionMask = 2147483647;
			files = (
				82BC5BE3236CB25900DC075A /* StudentLocation.swift in Sources */,
				820E00B8236748050041BCE7 /* MainViewController.swift in Sources */,
				820E00B4236748050041BCE7 /* AppDelegate.swift in Sources */,
				824851AF236781D70058A199 /* TabBarController.swift in Sources */,
				8289356F2367502100EED2F1 /* AppStoryboard.swift in Sources */,
				824851AD23676E060058A199 /* LoginViewController.swift in Sources */,
				822BA127238318000086A34A /* Location.swift in Sources */,
				823E4C5D238036A600E0A835 /* TableViewController.swift in Sources */,
				823E4C612380454900E0A835 /* StudentLocationAPI.swift in Sources */,
				820E00B6236748050041BCE7 /* SceneDelegate.swift in Sources */,
				82D328CD237F275B002E95C2 /* AddLocationViewController.swift in Sources */,
				82B89BF72367573D008B8889 /* InitViewController.swift in Sources */,
				828935712367507C00EED2F1 /* Extensions.swift in Sources */,
				823E4C5F2380397200E0A835 /* Helper.swift in Sources */,
			);
			runOnlyForDeploymentPostprocessing = 0;
		};
/* End PBXSourcesBuildPhase section */

/* Begin PBXVariantGroup section */
		820E00B9236748050041BCE7 /* Main.storyboard */ = {
			isa = PBXVariantGroup;
			children = (
				820E00BA236748050041BCE7 /* Base */,
			);
			name = Main.storyboard;
			sourceTree = "<group>";
		};
/* End PBXVariantGroup section */

/* Begin XCBuildConfiguration section */
		820E00C5236748060041BCE7 /* Debug */ = {
			isa = XCBuildConfiguration;
			buildSettings = {
				ALWAYS_SEARCH_USER_PATHS = NO;
				CLANG_ANALYZER_NONNULL = YES;
				CLANG_ANALYZER_NUMBER_OBJECT_CONVERSION = YES_AGGRESSIVE;
				CLANG_CXX_LANGUAGE_STANDARD = "gnu++14";
				CLANG_CXX_LIBRARY = "libc++";
				CLANG_ENABLE_MODULES = YES;
				CLANG_ENABLE_OBJC_ARC = YES;
				CLANG_ENABLE_OBJC_WEAK = YES;
				CLANG_WARN_BLOCK_CAPTURE_AUTORELEASING = YES;
				CLANG_WARN_BOOL_CONVERSION = YES;
				CLANG_WARN_COMMA = YES;
				CLANG_WARN_CONSTANT_CONVERSION = YES;
				CLANG_WARN_DEPRECATED_OBJC_IMPLEMENTATIONS = YES;
				CLANG_WARN_DIRECT_OBJC_ISA_USAGE = YES_ERROR;
				CLANG_WARN_DOCUMENTATION_COMMENTS = YES;
				CLANG_WARN_EMPTY_BODY = YES;
				CLANG_WARN_ENUM_CONVERSION = YES;
				CLANG_WARN_INFINITE_RECURSION = YES;
				CLANG_WARN_INT_CONVERSION = YES;
				CLANG_WARN_NON_LITERAL_NULL_CONVERSION = YES;
				CLANG_WARN_OBJC_IMPLICIT_RETAIN_SELF = YES;
				CLANG_WARN_OBJC_LITERAL_CONVERSION = YES;
				CLANG_WARN_OBJC_ROOT_CLASS = YES_ERROR;
				CLANG_WARN_RANGE_LOOP_ANALYSIS = YES;
				CLANG_WARN_STRICT_PROTOTYPES = YES;
				CLANG_WARN_SUSPICIOUS_MOVE = YES;
				CLANG_WARN_UNGUARDED_AVAILABILITY = YES_AGGRESSIVE;
				CLANG_WARN_UNREACHABLE_CODE = YES;
				CLANG_WARN__DUPLICATE_METHOD_MATCH = YES;
				COPY_PHASE_STRIP = NO;
				DEBUG_INFORMATION_FORMAT = dwarf;
				ENABLE_STRICT_OBJC_MSGSEND = YES;
				ENABLE_TESTABILITY = YES;
				GCC_C_LANGUAGE_STANDARD = gnu11;
				GCC_DYNAMIC_NO_PIC = NO;
				GCC_NO_COMMON_BLOCKS = YES;
				GCC_OPTIMIZATION_LEVEL = 0;
				GCC_PREPROCESSOR_DEFINITIONS = (
					"DEBUG=1",
					"$(inherited)",
				);
				GCC_WARN_64_TO_32_BIT_CONVERSION = YES;
				GCC_WARN_ABOUT_RETURN_TYPE = YES_ERROR;
				GCC_WARN_UNDECLARED_SELECTOR = YES;
				GCC_WARN_UNINITIALIZED_AUTOS = YES_AGGRESSIVE;
				GCC_WARN_UNUSED_FUNCTION = YES;
				GCC_WARN_UNUSED_VARIABLE = YES;
				IPHONEOS_DEPLOYMENT_TARGET = 13.1;
				MTL_ENABLE_DEBUG_INFO = INCLUDE_SOURCE;
				MTL_FAST_MATH = YES;
				ONLY_ACTIVE_ARCH = YES;
				SDKROOT = iphoneos;
				SWIFT_ACTIVE_COMPILATION_CONDITIONS = DEBUG;
				SWIFT_OPTIMIZATION_LEVEL = "-Onone";
			};
			name = Debug;
		};
		820E00C6236748060041BCE7 /* Release */ = {
			isa = XCBuildConfiguration;
			buildSettings = {
				ALWAYS_SEARCH_USER_PATHS = NO;
				CLANG_ANALYZER_NONNULL = YES;
				CLANG_ANALYZER_NUMBER_OBJECT_CONVERSION = YES_AGGRESSIVE;
				CLANG_CXX_LANGUAGE_STANDARD = "gnu++14";
				CLANG_CXX_LIBRARY = "libc++";
				CLANG_ENABLE_MODULES = YES;
				CLANG_ENABLE_OBJC_ARC = YES;
				CLANG_ENABLE_OBJC_WEAK = YES;
				CLANG_WARN_BLOCK_CAPTURE_AUTORELEASING = YES;
				CLANG_WARN_BOOL_CONVERSION = YES;
				CLANG_WARN_COMMA = YES;
				CLANG_WARN_CONSTANT_CONVERSION = YES;
				CLANG_WARN_DEPRECATED_OBJC_IMPLEMENTATIONS = YES;
				CLANG_WARN_DIRECT_OBJC_ISA_USAGE = YES_ERROR;
				CLANG_WARN_DOCUMENTATION_COMMENTS = YES;
				CLANG_WARN_EMPTY_BODY = YES;
				CLANG_WARN_ENUM_CONVERSION = YES;
				CLANG_WARN_INFINITE_RECURSION = YES;
				CLANG_WARN_INT_CONVERSION = YES;
				CLANG_WARN_NON_LITERAL_NULL_CONVERSION = YES;
				CLANG_WARN_OBJC_IMPLICIT_RETAIN_SELF = YES;
				CLANG_WARN_OBJC_LITERAL_CONVERSION = YES;
				CLANG_WARN_OBJC_ROOT_CLASS = YES_ERROR;
				CLANG_WARN_RANGE_LOOP_ANALYSIS = YES;
				CLANG_WARN_STRICT_PROTOTYPES = YES;
				CLANG_WARN_SUSPICIOUS_MOVE = YES;
				CLANG_WARN_UNGUARDED_AVAILABILITY = YES_AGGRESSIVE;
				CLANG_WARN_UNREACHABLE_CODE = YES;
				CLANG_WARN__DUPLICATE_METHOD_MATCH = YES;
				COPY_PHASE_STRIP = NO;
				DEBUG_INFORMATION_FORMAT = "dwarf-with-dsym";
				ENABLE_NS_ASSERTIONS = NO;
				ENABLE_STRICT_OBJC_MSGSEND = YES;
				GCC_C_LANGUAGE_STANDARD = gnu11;
				GCC_NO_COMMON_BLOCKS = YES;
				GCC_WARN_64_TO_32_BIT_CONVERSION = YES;
				GCC_WARN_ABOUT_RETURN_TYPE = YES_ERROR;
				GCC_WARN_UNDECLARED_SELECTOR = YES;
				GCC_WARN_UNINITIALIZED_AUTOS = YES_AGGRESSIVE;
				GCC_WARN_UNUSED_FUNCTION = YES;
				GCC_WARN_UNUSED_VARIABLE = YES;
				IPHONEOS_DEPLOYMENT_TARGET = 13.1;
				MTL_ENABLE_DEBUG_INFO = NO;
				MTL_FAST_MATH = YES;
				SDKROOT = iphoneos;
				SWIFT_COMPILATION_MODE = wholemodule;
				SWIFT_OPTIMIZATION_LEVEL = "-O";
				VALIDATE_PRODUCT = YES;
			};
			name = Release;
		};
		820E00C8236748060041BCE7 /* Debug */ = {
			isa = XCBuildConfiguration;
			baseConfigurationReference = 75CB01E8B3C0B06819DEF662 /* Pods-OnTheMap.debug.xcconfig */;
			buildSettings = {
				ASSETCATALOG_COMPILER_APPICON_NAME = AppIcon;
				CODE_SIGN_STYLE = Automatic;
				DEVELOPMENT_TEAM = VK92ZRFDP7;
				INFOPLIST_FILE = OnTheMap/Info.plist;
				LD_RUNPATH_SEARCH_PATHS = (
					"$(inherited)",
					"@executable_path/Frameworks",
				);
				PRODUCT_BUNDLE_IDENTIFIER = com.almakrami.OnTheMap;
				PRODUCT_NAME = "$(TARGET_NAME)";
				SWIFT_VERSION = 5.0;
				TARGETED_DEVICE_FAMILY = "1,2";
			};
			name = Debug;
		};
		820E00C9236748060041BCE7 /* Release */ = {
			isa = XCBuildConfiguration;
			baseConfigurationReference = DA6B6CB4AF2645911CB2C7DD /* Pods-OnTheMap.release.xcconfig */;
			buildSettings = {
				ASSETCATALOG_COMPILER_APPICON_NAME = AppIcon;
				CODE_SIGN_STYLE = Automatic;
				DEVELOPMENT_TEAM = VK92ZRFDP7;
				INFOPLIST_FILE = OnTheMap/Info.plist;
				LD_RUNPATH_SEARCH_PATHS = (
					"$(inherited)",
					"@executable_path/Frameworks",
				);
				PRODUCT_BUNDLE_IDENTIFIER = com.almakrami.OnTheMap;
				PRODUCT_NAME = "$(TARGET_NAME)";
				SWIFT_VERSION = 5.0;
				TARGETED_DEVICE_FAMILY = "1,2";
			};
			name = Release;
		};
/* End XCBuildConfiguration section */

/* Begin XCConfigurationList section */
		820E00AB236748050041BCE7 /* Build configuration list for PBXProject "OnTheMap" */ = {
			isa = XCConfigurationList;
			buildConfigurations = (
				820E00C5236748060041BCE7 /* Debug */,
				820E00C6236748060041BCE7 /* Release */,
			);
			defaultConfigurationIsVisible = 0;
			defaultConfigurationName = Release;
		};
		820E00C7236748060041BCE7 /* Build configuration list for PBXNativeTarget "OnTheMap" */ = {
			isa = XCConfigurationList;
			buildConfigurations = (
				820E00C8236748060041BCE7 /* Debug */,
				820E00C9236748060041BCE7 /* Release */,
			);
			defaultConfigurationIsVisible = 0;
			defaultConfigurationName = Release;
		};
/* End XCConfigurationList section */
	};
	rootObject = 820E00A8236748050041BCE7 /* Project object */;
}
